<?xml version="1.0" encoding="UTF-8" standalone="yes" ?>
<CodeBlocks_project_file>
	<FileVersion major="1" minor="6" />
	<Project>
		<Option title="Tuttur Kazan Proje CB" />
		<Option pch_mode="2" />
		<Option compiler="gcc" />
		<Build>
			<Target title="Debug">
				<Option output="bin/Debug/Tuttur Kazan Proje CB" prefix_auto="1" extension_auto="1" />
				<Option object_output="obj/Debug/" />
				<Option type="1" />
				<Option compiler="gcc" />
				<Compiler>
					<Add option="-g" />
				</Compiler>
			</Target>
			<Target title="Release">
				<Option output="bin/Release/Tuttur Kazan Proje CB" prefix_auto="1" extension_auto="1" />
				<Option object_output="obj/Release/" />
				<Option type="1" />
				<Option compiler="gcc" />
				<Compiler>
					<Add option="-O2" />
				</Compiler>
				<Linker>
					<Add option="-s" />
				</Linker>
			</Target>
		</Build>
		<Compiler>
			<Add option="-Wall" />
		</Compiler>
		<Unit filename="include/Dosya.h" />
		<Unit filename="include/Kisi.h" />
		<Unit filename="include/Oyun.h" />
		<Unit filename="include/Test.h" />
		<Unit filename="src/Dosya.c">
			<Option compilerVar="CC" />
		</Unit>
		<Unit filename="src/Kisi.c">
			<Option compilerVar="CC" />
		</Unit>
		<Unit filename="src/Kisiler.txt" />
		<Unit filename="src/Oyun.c">
			<Option compilerVar="CC" />
		</Unit>
		<Unit filename="src/Sayilar.txt" />
		<Unit filename="src/Test.c">
			<Option compilerVar="CC" />
		</Unit>
		<Unit filename="src/main.c">
			<Option compilerVar="CC" />
		</Unit>
		<Extensions>
			<lib_finder disable_auto="1" />
		</Extensions>
	</Project>
</CodeBlocks_project_file>
